
Microsoft Visual Studio Solution File, Format Version 12.00
# Visual Studio 15
VisualStudioVersion = 15.0.26730.10
MinimumVisualStudioVersion = 10.0.40219.1
Project("{9A19103F-16F7-4668-BE54-9A1E7A4F7556}") = "PMS.Backend", "PMS.Backend\PMS.Backend.csproj", "{36263E8F-6E79-4A68-B7B5-1719EEFA8FBA}"
EndProject
Project("{9A19103F-16F7-4668-BE54-9A1E7A4F7556}") = "PMS.WebClient", "PMS.WebClient\PMS.WebClient.csproj", "{E3CB62CA-154A-487F-896B-40F9DF5162A8}"
EndProject
Project("{9A19103F-16F7-4668-BE54-9A1E7A4F7556}") = "PMS.MobileClient", "PMS.MobileClient\PMS.MobileClient.csproj", "{C4370EF2-0877-4E0E-8B2F-E6288B62DEED}"
EndProject
Project("{FAE04EC0-301F-11D3-BF4B-00C04F79EFBC}") = "PMS.MobileClient.Android", "PMS.MobileClient.Android\PMS.MobileClient.Android.csproj", "{FD96A9ED-27AA-4BD1-8DBE-6AFB0266EC3C}"
EndProject
Project("{FAE04EC0-301F-11D3-BF4B-00C04F79EFBC}") = "PMS.Backend.Data", "PMS.Backend.Data\PMS.Backend.Data.csproj", "{A13FB537-9D34-4278-9A80-5498AECDE379}"
EndProject
Project("{FAE04EC0-301F-11D3-BF4B-00C04F79EFBC}") = "PMS.Backend.Contract", "PMS.Backend.Contract\PMS.Backend.Contract.csproj", "{CAB5DDD3-D8B9-4AC7-AC4C-EC8796C5FDE2}"
EndProject
Global
	GlobalSection(SolutionConfigurationPlatforms) = preSolution
		Debug|Any CPU = Debug|Any CPU
		Release|Any CPU = Release|Any CPU
	EndGlobalSection
	GlobalSection(ProjectConfigurationPlatforms) = postSolution
		{36263E8F-6E79-4A68-B7B5-1719EEFA8FBA}.Debug|Any CPU.ActiveCfg = Debug|Any CPU
		{36263E8F-6E79-4A68-B7B5-1719EEFA8FBA}.Debug|Any CPU.Build.0 = Debug|Any CPU
		{36263E8F-6E79-4A68-B7B5-1719EEFA8FBA}.Release|Any CPU.ActiveCfg = Release|Any CPU
		{36263E8F-6E79-4A68-B7B5-1719EEFA8FBA}.Release|Any CPU.Build.0 = Release|Any CPU
		{E3CB62CA-154A-487F-896B-40F9DF5162A8}.Debug|Any CPU.ActiveCfg = Debug|Any CPU
		{E3CB62CA-154A-487F-896B-40F9DF5162A8}.Debug|Any CPU.Build.0 = Debug|Any CPU
		{E3CB62CA-154A-487F-896B-40F9DF5162A8}.Release|Any CPU.ActiveCfg = Release|Any CPU
		{E3CB62CA-154A-487F-896B-40F9DF5162A8}.Release|Any CPU.Build.0 = Release|Any CPU
		{C4370EF2-0877-4E0E-8B2F-E6288B62DEED}.Debug|Any CPU.ActiveCfg = Debug|Any CPU
		{C4370EF2-0877-4E0E-8B2F-E6288B62DEED}.Debug|Any CPU.Build.0 = Debug|Any CPU
		{C4370EF2-0877-4E0E-8B2F-E6288B62DEED}.Release|Any CPU.ActiveCfg = Release|Any CPU
		{C4370EF2-0877-4E0E-8B2F-E6288B62DEED}.Release|Any CPU.Build.0 = Release|Any CPU
		{FD96A9ED-27AA-4BD1-8DBE-6AFB0266EC3C}.Debug|Any CPU.ActiveCfg = Debug|Any CPU
		{FD96A9ED-27AA-4BD1-8DBE-6AFB0266EC3C}.Debug|Any CPU.Build.0 = Debug|Any CPU
		{FD96A9ED-27AA-4BD1-8DBE-6AFB0266EC3C}.Debug|Any CPU.Deploy.0 = Debug|Any CPU
		{FD96A9ED-27AA-4BD1-8DBE-6AFB0266EC3C}.Release|Any CPU.ActiveCfg = Release|Any CPU
		{FD96A9ED-27AA-4BD1-8DBE-6AFB0266EC3C}.Release|Any CPU.Build.0 = Release|Any CPU
		{FD96A9ED-27AA-4BD1-8DBE-6AFB0266EC3C}.Release|Any CPU.Deploy.0 = Release|Any CPU
		{A13FB537-9D34-4278-9A80-5498AECDE379}.Debug|Any CPU.ActiveCfg = Debug|Any CPU
		{A13FB537-9D34-4278-9A80-5498AECDE379}.Debug|Any CPU.Build.0 = Debug|Any CPU
		{A13FB537-9D34-4278-9A80-5498AECDE379}.Release|Any CPU.ActiveCfg = Release|Any CPU
		{A13FB537-9D34-4278-9A80-5498AECDE379}.Release|Any CPU.Build.0 = Release|Any CPU
		{CAB5DDD3-D8B9-4AC7-AC4C-EC8796C5FDE2}.Debug|Any CPU.ActiveCfg = Debug|Any CPU
		{CAB5DDD3-D8B9-4AC7-AC4C-EC8796C5FDE2}.Debug|Any CPU.Build.0 = Debug|Any CPU
		{CAB5DDD3-D8B9-4AC7-AC4C-EC8796C5FDE2}.Release|Any CPU.ActiveCfg = Release|Any CPU
		{CAB5DDD3-D8B9-4AC7-AC4C-EC8796C5FDE2}.Release|Any CPU.Build.0 = Release|Any CPU
	EndGlobalSection
	GlobalSection(SolutionProperties) = preSolution
		HideSolutionNode = FALSE
	EndGlobalSection
	GlobalSection(ExtensibilityGlobals) = postSolution
		SolutionGuid = {4912959C-E896-44B3-95F4-54B9E06982D2}
	EndGlobalSection
EndGlobal
